
Microsoft Visual Studio Solution File, Format Version 12.00
# Visual Studio Version 16
VisualStudioVersion = 16.0.29503.13
MinimumVisualStudioVersion = 10.0.40219.1
Project("{9A19103F-16F7-4668-BE54-9A1E7A4F7556}") = "Blog.Api", "Blog\Blog.Api.csproj", "{BE7C9360-6E8E-4A11-A2F5-838CA7487E80}"
EndProject
Project("{9A19103F-16F7-4668-BE54-9A1E7A4F7556}") = "DataBaseAccessLayer", "DataBaseLayer\DataBaseAccessLayer.csproj", "{F6DF918D-ADEF-4021-A052-7D74B991F04B}"
EndProject
Project("{9A19103F-16F7-4668-BE54-9A1E7A4F7556}") = "BusinessLogic", "BusinessLogic\BusinessLogic.csproj", "{64151C04-D10A-46FC-BE54-1BE59F85CBBC}"
EndProject
Global
	GlobalSection(SolutionConfigurationPlatforms) = preSolution
		Debug|Any CPU = Debug|Any CPU
		Debug|iPhone = Debug|iPhone
		Debug|iPhoneSimulator = Debug|iPhoneSimulator
		Release|Any CPU = Release|Any CPU
		Release|iPhone = Release|iPhone
		Release|iPhoneSimulator = Release|iPhoneSimulator
	EndGlobalSection
	GlobalSection(ProjectConfigurationPlatforms) = postSolution
		{BE7C9360-6E8E-4A11-A2F5-838CA7487E80}.Debug|Any CPU.ActiveCfg = Debug|Any CPU
		{BE7C9360-6E8E-4A11-A2F5-838CA7487E80}.Debug|Any CPU.Build.0 = Debug|Any CPU
		{BE7C9360-6E8E-4A11-A2F5-838CA7487E80}.Debug|iPhone.ActiveCfg = Debug|Any CPU
		{BE7C9360-6E8E-4A11-A2F5-838CA7487E80}.Debug|iPhone.Build.0 = Debug|Any CPU
		{BE7C9360-6E8E-4A11-A2F5-838CA7487E80}.Debug|iPhoneSimulator.ActiveCfg = Debug|Any CPU
		{BE7C9360-6E8E-4A11-A2F5-838CA7487E80}.Debug|iPhoneSimulator.Build.0 = Debug|Any CPU
		{BE7C9360-6E8E-4A11-A2F5-838CA7487E80}.Release|Any CPU.ActiveCfg = Release|Any CPU
		{BE7C9360-6E8E-4A11-A2F5-838CA7487E80}.Release|Any CPU.Build.0 = Release|Any CPU
		{BE7C9360-6E8E-4A11-A2F5-838CA7487E80}.Release|iPhone.ActiveCfg = Release|Any CPU
		{BE7C9360-6E8E-4A11-A2F5-838CA7487E80}.Release|iPhone.Build.0 = Release|Any CPU
		{BE7C9360-6E8E-4A11-A2F5-838CA7487E80}.Release|iPhoneSimulator.ActiveCfg = Release|Any CPU
		{BE7C9360-6E8E-4A11-A2F5-838CA7487E80}.Release|iPhoneSimulator.Build.0 = Release|Any CPU
		{F6DF918D-ADEF-4021-A052-7D74B991F04B}.Debug|Any CPU.ActiveCfg = Debug|Any CPU
		{F6DF918D-ADEF-4021-A052-7D74B991F04B}.Debug|Any CPU.Build.0 = Debug|Any CPU
		{F6DF918D-ADEF-4021-A052-7D74B991F04B}.Debug|iPhone.ActiveCfg = Debug|Any CPU
		{F6DF918D-ADEF-4021-A052-7D74B991F04B}.Debug|iPhone.Build.0 = Debug|Any CPU
		{F6DF918D-ADEF-4021-A052-7D74B991F04B}.Debug|iPhoneSimulator.ActiveCfg = Debug|Any CPU
		{F6DF918D-ADEF-4021-A052-7D74B991F04B}.Debug|iPhoneSimulator.Build.0 = Debug|Any CPU
		{F6DF918D-ADEF-4021-A052-7D74B991F04B}.Release|Any CPU.ActiveCfg = Release|Any CPU
		{F6DF918D-ADEF-4021-A052-7D74B991F04B}.Release|Any CPU.Build.0 = Release|Any CPU
		{F6DF918D-ADEF-4021-A052-7D74B991F04B}.Release|iPhone.ActiveCfg = Release|Any CPU
		{F6DF918D-ADEF-4021-A052-7D74B991F04B}.Release|iPhone.Build.0 = Release|Any CPU
		{F6DF918D-ADEF-4021-A052-7D74B991F04B}.Release|iPhoneSimulator.ActiveCfg = Release|Any CPU
		{F6DF918D-ADEF-4021-A052-7D74B991F04B}.Release|iPhoneSimulator.Build.0 = Release|Any CPU
		{64151C04-D10A-46FC-BE54-1BE59F85CBBC}.Debug|Any CPU.ActiveCfg = Debug|Any CPU
		{64151C04-D10A-46FC-BE54-1BE59F85CBBC}.Debug|Any CPU.Build.0 = Debug|Any CPU
		{64151C04-D10A-46FC-BE54-1BE59F85CBBC}.Debug|iPhone.ActiveCfg = Debug|Any CPU
		{64151C04-D10A-46FC-BE54-1BE59F85CBBC}.Debug|iPhone.Build.0 = Debug|Any CPU
		{64151C04-D10A-46FC-BE54-1BE59F85CBBC}.Debug|iPhoneSimulator.ActiveCfg = Debug|Any CPU
		{64151C04-D10A-46FC-BE54-1BE59F85CBBC}.Debug|iPhoneSimulator.Build.0 = Debug|Any CPU
		{64151C04-D10A-46FC-BE54-1BE59F85CBBC}.Release|Any CPU.ActiveCfg = Release|Any CPU
		{64151C04-D10A-46FC-BE54-1BE59F85CBBC}.Release|Any CPU.Build.0 = Release|Any CPU
		{64151C04-D10A-46FC-BE54-1BE59F85CBBC}.Release|iPhone.ActiveCfg = Release|Any CPU
		{64151C04-D10A-46FC-BE54-1BE59F85CBBC}.Release|iPhone.Build.0 = Release|Any CPU
		{64151C04-D10A-46FC-BE54-1BE59F85CBBC}.Release|iPhoneSimulator.ActiveCfg = Release|Any CPU
		{64151C04-D10A-46FC-BE54-1BE59F85CBBC}.Release|iPhoneSimulator.Build.0 = Release|Any CPU
	EndGlobalSection
	GlobalSection(SolutionProperties) = preSolution
		HideSolutionNode = FALSE
	EndGlobalSection
	GlobalSection(ExtensibilityGlobals) = postSolution
		SolutionGuid = {E7C84C86-664B-40EF-AB43-033CCCE0932B}
	EndGlobalSection
EndGlobal
